
Microsoft Visual Studio Solution File, Format Version 12.00
# Visual Studio Version 16
VisualStudioVersion = 16.0.31402.337
MinimumVisualStudioVersion = 10.0.40219.1
Project("{FAE04EC0-301F-11D3-BF4B-00C04F79EFBC}") = "EmployeeManagement.Models", "EmployeeManagement.Models\EmployeeManagement.Models.csproj", "{4AB441D6-690B-48E2-9DD9-636687181019}"
EndProject
Project("{FAE04EC0-301F-11D3-BF4B-00C04F79EFBC}") = "EmployeeManagement.Web", "EmployeeManagement.Web\EmployeeManagement.Web.csproj", "{BCD140A8-AD9F-4608-B8F4-2A13C43498EE}"
EndProject
Global
	GlobalSection(SolutionConfigurationPlatforms) = preSolution
		Debug|Any CPU = Debug|Any CPU
		Release|Any CPU = Release|Any CPU
	EndGlobalSection
	GlobalSection(ProjectConfigurationPlatforms) = postSolution
		{4AB441D6-690B-48E2-9DD9-636687181019}.Debug|Any CPU.ActiveCfg = Debug|Any CPU
		{4AB441D6-690B-48E2-9DD9-636687181019}.Debug|Any CPU.Build.0 = Debug|Any CPU
		{4AB441D6-690B-48E2-9DD9-636687181019}.Release|Any CPU.ActiveCfg = Release|Any CPU
		{4AB441D6-690B-48E2-9DD9-636687181019}.Release|Any CPU.Build.0 = Release|Any CPU
		{BCD140A8-AD9F-4608-B8F4-2A13C43498EE}.Debug|Any CPU.ActiveCfg = Debug|Any CPU
		{BCD140A8-AD9F-4608-B8F4-2A13C43498EE}.Debug|Any CPU.Build.0 = Debug|Any CPU
		{BCD140A8-AD9F-4608-B8F4-2A13C43498EE}.Release|Any CPU.ActiveCfg = Release|Any CPU
		{BCD140A8-AD9F-4608-B8F4-2A13C43498EE}.Release|Any CPU.Build.0 = Release|Any CPU
	EndGlobalSection
	GlobalSection(SolutionProperties) = preSolution
		HideSolutionNode = FALSE
	EndGlobalSection
	GlobalSection(ExtensibilityGlobals) = postSolution
		SolutionGuid = {4EDD5902-75A7-43EE-8565-BEBC8CF14180}
	EndGlobalSection
EndGlobal
